
Microsoft Visual Studio Solution File, Format Version 12.00
# Visual Studio 2017
Project("{FAE04EC0-301F-11D3-BF4B-00C04F79EFBC}") = "阿瓜捡冲田", "阿瓜捡冲田.csproj", "{E6A01EB7-06BE-ABC8-0272-D2A47E03FE3B}"
EndProject
Global
	GlobalSection(SolutionConfigurationPlatforms) = preSolution
		Debug|Any CPU = Debug|Any CPU
		Release|Any CPU = Release|Any CPU
	EndGlobalSection
	GlobalSection(ProjectConfigurationPlatforms) = postSolution
		{E6A01EB7-06BE-ABC8-0272-D2A47E03FE3B}.Debug|Any CPU.ActiveCfg = Debug|Any CPU
		{E6A01EB7-06BE-ABC8-0272-D2A47E03FE3B}.Debug|Any CPU.Build.0 = Debug|Any CPU
		{E6A01EB7-06BE-ABC8-0272-D2A47E03FE3B}.Release|Any CPU.ActiveCfg = Release|Any CPU
		{E6A01EB7-06BE-ABC8-0272-D2A47E03FE3B}.Release|Any CPU.Build.0 = Release|Any CPU
	EndGlobalSection
	GlobalSection(SolutionProperties) = preSolution
		HideSolutionNode = FALSE
	EndGlobalSection
EndGlobal
